
Microsoft Visual Studio Solution File, Format Version 12.00
# Visual Studio Version 17
VisualStudioVersion = 17.6.33723.286
MinimumVisualStudioVersion = 10.0.40219.1
Project("{FAE04EC0-301F-11D3-BF4B-00C04F79EFBC}") = "WebApplication1", "WebApplication1\WebApplication1.csproj", "{EA796F7B-D0F4-4D2C-9A9A-1EBBF3D0F549}"
EndProject
Global
	GlobalSection(SolutionConfigurationPlatforms) = preSolution
		Debug|Any CPU = Debug|Any CPU
		Release|Any CPU = Release|Any CPU
	EndGlobalSection
	GlobalSection(ProjectConfigurationPlatforms) = postSolution
		{EA796F7B-D0F4-4D2C-9A9A-1EBBF3D0F549}.Debug|Any CPU.ActiveCfg = Debug|Any CPU
		{EA796F7B-D0F4-4D2C-9A9A-1EBBF3D0F549}.Debug|Any CPU.Build.0 = Debug|Any CPU
		{EA796F7B-D0F4-4D2C-9A9A-1EBBF3D0F549}.Release|Any CPU.ActiveCfg = Release|Any CPU
		{EA796F7B-D0F4-4D2C-9A9A-1EBBF3D0F549}.Release|Any CPU.Build.0 = Release|Any CPU
	EndGlobalSection
	GlobalSection(SolutionProperties) = preSolution
		HideSolutionNode = FALSE
	EndGlobalSection
	GlobalSection(ExtensibilityGlobals) = postSolution
		SolutionGuid = {A9F6D68D-79DB-4CA0-83FD-0ED66B2B2176}
	EndGlobalSection
EndGlobal
